
Microsoft Visual Studio Solution File, Format Version 12.00
# Visual Studio Version 17
VisualStudioVersion = 17.9.34728.123
MinimumVisualStudioVersion = 10.0.40219.1
Project("{FAE04EC0-301F-11D3-BF4B-00C04F79EFBC}") = "CodigoClase12", "CodigoClase12\CodigoClase12.csproj", "{CE87B847-9B66-45AA-8B0C-89A982BFD27F}"
EndProject
Global
	GlobalSection(SolutionConfigurationPlatforms) = preSolution
		Debug|Any CPU = Debug|Any CPU
		Release|Any CPU = Release|Any CPU
	EndGlobalSection
	GlobalSection(ProjectConfigurationPlatforms) = postSolution
		{CE87B847-9B66-45AA-8B0C-89A982BFD27F}.Debug|Any CPU.ActiveCfg = Debug|Any CPU
		{CE87B847-9B66-45AA-8B0C-89A982BFD27F}.Debug|Any CPU.Build.0 = Debug|Any CPU
		{CE87B847-9B66-45AA-8B0C-89A982BFD27F}.Release|Any CPU.ActiveCfg = Release|Any CPU
		{CE87B847-9B66-45AA-8B0C-89A982BFD27F}.Release|Any CPU.Build.0 = Release|Any CPU
	EndGlobalSection
	GlobalSection(SolutionProperties) = preSolution
		HideSolutionNode = FALSE
	EndGlobalSection
	GlobalSection(ExtensibilityGlobals) = postSolution
		SolutionGuid = {9DBBB692-0E3D-4C8A-8AB5-55AF400535D1}
	EndGlobalSection
EndGlobal
